{
  "version": 4,
  "terraform_version": "1.5.7",
  "serial": 74,
  "lineage": "d0eb0c5c-bf86-4e91-1c92-029b440d4a4e",
  "outputs": {
    "gob_frontend_url": {
      "value": "http://23.22.142.173:30080",
      "type": "string"
    },
    "grafana_url": {
      "value": "http://23.22.142.173:3000",
      "type": "string"
    },
    "prometheus_url": {
      "value": "http://23.22.142.173:9090",
      "type": "string"
    },
    "ssh_command": {
      "value": "ssh -i ../../iaas.pem ubuntu@23.22.142.173",
      "type": "string"
    },
    "vm_a_public_ip": {
      "value": "23.22.142.173",
      "type": "string"
    }
  },
  "resources": [
    {
      "mode": "data",
      "type": "aws_ami",
      "name": "ubuntu_2204",
      "provider": "provider[\"registry.terraform.io/hashicorp/aws\"]",
      "instances": [
        {
          "schema_version": 0,
          "attributes": {
            "architecture": "x86_64",
            "arn": "arn:aws:ec2:us-east-1::image/ami-0ff290337e78c83bf",
            "block_device_mappings": [
              {
                "device_name": "/dev/sda1",
                "ebs": {
                  "delete_on_termination": "true",
                  "encrypted": "false",
                  "iops": "0",
                  "snapshot_id": "snap-0d1858b8abbceb1e2",
                  "throughput": "0",
                  "volume_initialization_rate": "0",
                  "volume_size": "8",
                  "volume_type": "gp2"
                },
                "no_device": "",
                "virtual_name": ""
              },
              {
                "device_name": "/dev/sdb",
                "ebs": {},
                "no_device": "",
                "virtual_name": "ephemeral0"
              },
              {
                "device_name": "/dev/sdc",
                "ebs": {},
                "no_device": "",
                "virtual_name": "ephemeral1"
              }
            ],
            "boot_mode": "uefi-preferred",
            "creation_date": "2026-04-24T07:03:19.000Z",
            "deprecation_time": "2028-04-24T07:03:19.000Z",
            "description": "Canonical, Ubuntu, 22.04, amd64 jammy image",
            "ena_support": true,
            "executable_users": null,
            "filter": [
              {
                "name": "name",
                "values": [
                  "ubuntu/images/hvm-ssd/ubuntu-jammy-22.04-amd64-server-*"
                ]
              },
              {
                "name": "root-device-type",
                "values": [
                  "ebs"
                ]
              },
              {
                "name": "virtualization-type",
                "values": [
                  "hvm"
                ]
              }
            ],
            "hypervisor": "xen",
            "id": "ami-0ff290337e78c83bf",
            "image_id": "ami-0ff290337e78c83bf",
            "image_location": "amazon/ubuntu/images/hvm-ssd/ubuntu-jammy-22.04-amd64-server-20260424",
            "image_owner_alias": "amazon",
            "image_type": "machine",
            "imds_support": "",
            "include_deprecated": false,
            "kernel_id": "",
            "last_launched_time": "",
            "most_recent": true,
            "name": "ubuntu/images/hvm-ssd/ubuntu-jammy-22.04-amd64-server-20260424",
            "name_regex": null,
            "owner_id": "099720109477",
            "owners": [
              "099720109477"
            ],
            "platform": "",
            "platform_details": "Linux/UNIX",
            "product_codes": [],
            "public": true,
            "ramdisk_id": "",
            "root_device_name": "/dev/sda1",
            "root_device_type": "ebs",
            "root_snapshot_id": "snap-0d1858b8abbceb1e2",
            "sriov_net_support": "simple",
            "state": "available",
            "state_reason": {
              "code": "UNSET",
              "message": "UNSET"
            },
            "tags": {},
            "timeouts": null,
            "tpm_support": "",
            "uefi_data": null,
            "usage_operation": "RunInstances",
            "virtualization_type": "hvm"
          },
          "sensitive_attributes": []
        }
      ]
    },
    {
      "mode": "managed",
      "type": "aws_eip",
      "name": "iaas_eip",
      "provider": "provider[\"registry.terraform.io/hashicorp/aws\"]",
      "instances": [
        {
          "schema_version": 0,
          "attributes": {
            "address": null,
            "allocation_id": "eipalloc-09974d39cbcc3184b",
            "arn": "arn:aws:ec2:us-east-1:105046601816:elastic-ip/eipalloc-09974d39cbcc3184b",
            "associate_with_private_ip": null,
            "association_id": "eipassoc-0b32229720106ddfb",
            "carrier_ip": "",
            "customer_owned_ip": "",
            "customer_owned_ipv4_pool": "",
            "domain": "vpc",
            "id": "eipalloc-09974d39cbcc3184b",
            "instance": "i-0514b248dce569a05",
            "ipam_pool_id": null,
            "network_border_group": "us-east-1",
            "network_interface": "eni-0062de73333f317a1",
            "private_dns": "ip-172-31-32-151.ec2.internal",
            "private_ip": "172.31.32.151",
            "ptr_record": "",
            "public_dns": "ec2-23-22-142-173.compute-1.amazonaws.com",
            "public_ip": "23.22.142.173",
            "public_ipv4_pool": "amazon",
            "tags": {
              "Name": "mtp-iaas-eip",
              "Phase": "phase1"
            },
            "tags_all": {
              "Name": "mtp-iaas-eip",
              "Phase": "phase1"
            },
            "timeouts": null,
            "vpc": true
          },
          "sensitive_attributes": [],
          "private": "eyJlMmJmYjczMC1lY2FhLTExZTYtOGY4OC0zNDM2M2JjN2M0YzAiOnsiZGVsZXRlIjoxODAwMDAwMDAwMDAsInJlYWQiOjkwMDAwMDAwMDAwMCwidXBkYXRlIjozMDAwMDAwMDAwMDB9fQ==",
          "dependencies": [
            "aws_instance.iaas_vm",
            "terraform_data.iaas_nested_virtualization"
          ]
        }
      ]
    },
    {
      "mode": "managed",
      "type": "aws_instance",
      "name": "iaas_vm",
      "provider": "provider[\"registry.terraform.io/hashicorp/aws\"]",
      "instances": [
        {
          "schema_version": 1,
          "attributes": {
            "ami": "ami-0ff290337e78c83bf",
            "arn": "arn:aws:ec2:us-east-1:105046601816:instance/i-0514b248dce569a05",
            "associate_public_ip_address": true,
            "availability_zone": "us-east-1d",
            "capacity_reservation_specification": [
              {
                "capacity_reservation_preference": "open",
                "capacity_reservation_target": []
              }
            ],
            "cpu_core_count": 8,
            "cpu_options": [
              {
                "amd_sev_snp": "",
                "core_count": 8,
                "threads_per_core": 2
              }
            ],
            "cpu_threads_per_core": 2,
            "credit_specification": [],
            "disable_api_stop": false,
            "disable_api_termination": false,
            "ebs_block_device": [],
            "ebs_optimized": false,
            "enable_primary_ipv6": null,
            "enclave_options": [
              {
                "enabled": false
              }
            ],
            "ephemeral_block_device": [],
            "get_password_data": false,
            "hibernation": false,
            "host_id": "",
            "host_resource_group_arn": null,
            "iam_instance_profile": "",
            "id": "i-0514b248dce569a05",
            "instance_initiated_shutdown_behavior": "stop",
            "instance_lifecycle": "",
            "instance_market_options": [],
            "instance_state": "running",
            "instance_type": "c8i.4xlarge",
            "ipv6_address_count": 0,
            "ipv6_addresses": [],
            "key_name": "mtp-iaas-key",
            "launch_template": [],
            "maintenance_options": [
              {
                "auto_recovery": "default"
              }
            ],
            "metadata_options": [
              {
                "http_endpoint": "enabled",
                "http_protocol_ipv6": "disabled",
                "http_put_response_hop_limit": 1,
                "http_tokens": "optional",
                "instance_metadata_tags": "disabled"
              }
            ],
            "monitoring": false,
            "network_interface": [],
            "outpost_arn": "",
            "password_data": "",
            "placement_group": "",
            "placement_partition_number": 0,
            "primary_network_interface_id": "eni-0062de73333f317a1",
            "private_dns": "ip-172-31-32-151.ec2.internal",
            "private_dns_name_options": [
              {
                "enable_resource_name_dns_a_record": false,
                "enable_resource_name_dns_aaaa_record": false,
                "hostname_type": "ip-name"
              }
            ],
            "private_ip": "172.31.32.151",
            "public_dns": "ec2-54-87-128-54.compute-1.amazonaws.com",
            "public_ip": "54.87.128.54",
            "root_block_device": [
              {
                "delete_on_termination": true,
                "device_name": "/dev/sda1",
                "encrypted": false,
                "iops": 3000,
                "kms_key_id": "",
                "tags": {},
                "tags_all": {},
                "throughput": 125,
                "volume_id": "vol-09de7dcebd1e9fd20",
                "volume_size": 100,
                "volume_type": "gp3"
              }
            ],
            "secondary_private_ips": [],
            "security_groups": [
              "mtp-iaas-sg"
            ],
            "source_dest_check": false,
            "spot_instance_request_id": "",
            "subnet_id": "subnet-0554d570c28fe6d6f",
            "tags": {
              "Name": "mtp-iaas-vm-a",
              "Phase": "phase1"
            },
            "tags_all": {
              "Name": "mtp-iaas-vm-a",
              "Phase": "phase1"
            },
            "tenancy": "default",
            "timeouts": null,
            "user_data": null,
            "user_data_base64": null,
            "user_data_replace_on_change": false,
            "volume_tags": null,
            "vpc_security_group_ids": [
              "sg-006cd52d4989f13c5"
            ]
          },
          "sensitive_attributes": [],
          "private": "eyJlMmJmYjczMC1lY2FhLTExZTYtOGY4OC0zNDM2M2JjN2M0YzAiOnsiY3JlYXRlIjo2MDAwMDAwMDAwMDAsImRlbGV0ZSI6MTIwMDAwMDAwMDAwMCwicmVhZCI6OTAwMDAwMDAwMDAwLCJ1cGRhdGUiOjYwMDAwMDAwMDAwMH0sInNjaGVtYV92ZXJzaW9uIjoiMSJ9",
          "dependencies": [
            "aws_key_pair.mtp_iaas",
            "aws_security_group.iaas_sg",
            "data.aws_ami.ubuntu_2204"
          ]
        }
      ]
    },
    {
      "mode": "managed",
      "type": "aws_key_pair",
      "name": "mtp_iaas",
      "provider": "provider[\"registry.terraform.io/hashicorp/aws\"]",
      "instances": [
        {
          "schema_version": 1,
          "attributes": {
            "arn": "arn:aws:ec2:us-east-1:105046601816:key-pair/mtp-iaas-key",
            "fingerprint": "46:19:a4:90:dd:6e:58:13:9a:73:45:25:4e:bd:4c:48",
            "id": "mtp-iaas-key",
            "key_name": "mtp-iaas-key",
            "key_name_prefix": "",
            "key_pair_id": "key-003ad2d7cf41a7d7d",
            "key_type": "rsa",
            "public_key": "ssh-rsa AAAAB3NzaC1yc2EAAAADAQABAAABAQDMn/6SWt3Sh5rG4vVZxDWrnB9jTJa1C5psZu5bGv9yJNBRpu1sLvS7KkJ4x2gzmXembYjFkinLY/6xonvZ18haCIo+YOXpnweSTwmye07SJbxyMUOCQ9l/o4lcAIFXfQnB3d6d4XBYm54og34UVc4grYE88rypdHnQPjtakeJoSgjS93doNovULJRRBGllozioZbw7T3MOy7+KvVDGg7XdWv5yS1M4dbkNVxkwl9A5serhq+tRGPLWMulEsw99ZeSGodTy1sixx2JfiUMrqWCQSbxhrElroy/XcipFKOtD6WEp3aOL1LKtKUYe9x5yNb8rFJk+ppRW12lDI2QZ9Ncz",
            "tags": {
              "Name": "mtp-iaas-key",
              "Phase": "phase1"
            },
            "tags_all": {
              "Name": "mtp-iaas-key",
              "Phase": "phase1"
            }
          },
          "sensitive_attributes": [],
          "private": "eyJzY2hlbWFfdmVyc2lvbiI6IjEifQ=="
        }
      ]
    },
    {
      "mode": "managed",
      "type": "aws_security_group",
      "name": "iaas_sg",
      "provider": "provider[\"registry.terraform.io/hashicorp/aws\"]",
      "instances": [
        {
          "schema_version": 1,
          "attributes": {
            "arn": "arn:aws:ec2:us-east-1:105046601816:security-group/sg-006cd52d4989f13c5",
            "description": "Phase 1 IaaS-only OpenStack/K3s experiment access",
            "egress": [
              {
                "cidr_blocks": [
                  "0.0.0.0/0"
                ],
                "description": "All outbound traffic",
                "from_port": 0,
                "ipv6_cidr_blocks": [],
                "prefix_list_ids": [],
                "protocol": "-1",
                "security_groups": [],
                "self": false,
                "to_port": 0
              }
            ],
            "id": "sg-006cd52d4989f13c5",
            "ingress": [
              {
                "cidr_blocks": [
                  "0.0.0.0/0"
                ],
                "description": "Grafana NodePort",
                "from_port": 3000,
                "ipv6_cidr_blocks": [],
                "prefix_list_ids": [],
                "protocol": "tcp",
                "security_groups": [],
                "self": false,
                "to_port": 3000
              },
              {
                "cidr_blocks": [
                  "0.0.0.0/0"
                ],
                "description": "HTTP convenience access",
                "from_port": 80,
                "ipv6_cidr_blocks": [],
                "prefix_list_ids": [],
                "protocol": "tcp",
                "security_groups": [],
                "self": false,
                "to_port": 80
              },
              {
                "cidr_blocks": [
                  "0.0.0.0/0"
                ],
                "description": "Online Boutique frontend NodePort",
                "from_port": 30080,
                "ipv6_cidr_blocks": [],
                "prefix_list_ids": [],
                "protocol": "tcp",
                "security_groups": [],
                "self": false,
                "to_port": 30080
              },
              {
                "cidr_blocks": [
                  "0.0.0.0/0"
                ],
                "description": "Prometheus NodePort",
                "from_port": 9090,
                "ipv6_cidr_blocks": [],
                "prefix_list_ids": [],
                "protocol": "tcp",
                "security_groups": [],
                "self": false,
                "to_port": 9090
              },
              {
                "cidr_blocks": [
                  "0.0.0.0/0"
                ],
                "description": "SSH",
                "from_port": 22,
                "ipv6_cidr_blocks": [],
                "prefix_list_ids": [],
                "protocol": "tcp",
                "security_groups": [],
                "self": false,
                "to_port": 22
              }
            ],
            "name": "mtp-iaas-sg",
            "name_prefix": "",
            "owner_id": "105046601816",
            "revoke_rules_on_delete": false,
            "tags": {
              "Name": "mtp-iaas-sg",
              "Phase": "phase1"
            },
            "tags_all": {
              "Name": "mtp-iaas-sg",
              "Phase": "phase1"
            },
            "timeouts": null,
            "vpc_id": "vpc-029836ce61002333b"
          },
          "sensitive_attributes": [],
          "private": "eyJlMmJmYjczMC1lY2FhLTExZTYtOGY4OC0zNDM2M2JjN2M0YzAiOnsiY3JlYXRlIjo2MDAwMDAwMDAwMDAsImRlbGV0ZSI6OTAwMDAwMDAwMDAwfSwic2NoZW1hX3ZlcnNpb24iOiIxIn0="
        }
      ]
    },
    {
      "mode": "managed",
      "type": "terraform_data",
      "name": "iaas_nested_virtualization",
      "provider": "provider[\"terraform.io/builtin/terraform\"]",
      "instances": [
        {
          "schema_version": 0,
          "attributes": {
            "id": "4d36a903-0f5a-7ddb-ea7f-b2154d42c5cc",
            "input": null,
            "output": null,
            "triggers_replace": {
              "value": [
                "i-0514b248dce569a05"
              ],
              "type": [
                "tuple",
                [
                  "string"
                ]
              ]
            }
          },
          "sensitive_attributes": [],
          "dependencies": [
            "aws_instance.iaas_vm",
            "aws_key_pair.mtp_iaas",
            "aws_security_group.iaas_sg",
            "data.aws_ami.ubuntu_2204"
          ]
        }
      ]
    },
    {
      "mode": "managed",
      "type": "terraform_data",
      "name": "iaas_setup",
      "provider": "provider[\"terraform.io/builtin/terraform\"]",
      "instances": [
        {
          "schema_version": 0,
          "attributes": {
            "id": "b506d3f3-5f22-3d83-9ae0-fa23c1c72242",
            "input": null,
            "output": null,
            "triggers_replace": {
              "value": [
                "i-0514b248dce569a05",
                "23.22.142.173",
                "4d36a903-0f5a-7ddb-ea7f-b2154d42c5cc"
              ],
              "type": [
                "tuple",
                [
                  "string",
                  "string",
                  "string"
                ]
              ]
            }
          },
          "sensitive_attributes": [],
          "dependencies": [
            "aws_eip.iaas_eip",
            "aws_instance.iaas_vm",
            "terraform_data.iaas_nested_virtualization"
          ]
        }
      ]
    }
  ],
  "check_results": null
}
